
Microsoft Visual Studio Solution File, Format Version 12.00
# Visual Studio Version 17
VisualStudioVersion = 17.3.32929.385
MinimumVisualStudioVersion = 10.0.40219.1
Project("{FAE04EC0-301F-11D3-BF4B-00C04F79EFBC}") = "LinkedList", "LinkedList\LinkedList.csproj", "{D9D90A61-D060-432B-B72B-6236A9BB04EC}"
EndProject
Global
	GlobalSection(SolutionConfigurationPlatforms) = preSolution
		Debug|Any CPU = Debug|Any CPU
		Release|Any CPU = Release|Any CPU
	EndGlobalSection
	GlobalSection(ProjectConfigurationPlatforms) = postSolution
		{D9D90A61-D060-432B-B72B-6236A9BB04EC}.Debug|Any CPU.ActiveCfg = Debug|Any CPU
		{D9D90A61-D060-432B-B72B-6236A9BB04EC}.Debug|Any CPU.Build.0 = Debug|Any CPU
		{D9D90A61-D060-432B-B72B-6236A9BB04EC}.Release|Any CPU.ActiveCfg = Release|Any CPU
		{D9D90A61-D060-432B-B72B-6236A9BB04EC}.Release|Any CPU.Build.0 = Release|Any CPU
	EndGlobalSection
	GlobalSection(SolutionProperties) = preSolution
		HideSolutionNode = FALSE
	EndGlobalSection
	GlobalSection(ExtensibilityGlobals) = postSolution
		SolutionGuid = {694740FF-3EBD-4B50-8A65-01284E183612}
	EndGlobalSection
EndGlobal
